// !$*UTF8*$!
{
	archiveVersion = 1;
	classes = {
	};
	objectVersion = 50;
	objects = {

/* Begin PBXBuildFile section */
		A328A8BC22C08179000806BA /* AppDelegate.m in Sources */ = {isa = PBXBuildFile; fileRef = A328A8BB22C08179000806BA /* AppDelegate.m */; };
		A328A8BF22C08179000806BA /* ViewController.m in Sources */ = {isa = PBXBuildFile; fileRef = A328A8BE22C08179000806BA /* ViewController.m */; };
		A328A8C222C08179000806BA /* Main.storyboard in Resources */ = {isa = PBXBuildFile; fileRef = A328A8C022C08179000806BA /* Main.storyboard */; };
		A328A8C422C08179000806BA /* Assets.xcassets in Resources */ = {isa = PBXBuildFile; fileRef = A328A8C322C08179000806BA /* Assets.xcassets */; };
		A328A8C722C08179000806BA /* LaunchScreen.storyboard in Resources */ = {isa = PBXBuildFile; fileRef = A328A8C522C08179000806BA /* LaunchScreen.storyboard */; };
		A328A8CA22C08179000806BA /* main.m in Sources */ = {isa = PBXBuildFile; fileRef = A328A8C922C08179000806BA /* main.m */; };
		A328A8E822C0818C000806BA /* UINavigationController+MemoryLeak.m in Sources */ = {isa = PBXBuildFile; fileRef = A328A8D122C0818C000806BA /* UINavigationController+MemoryLeak.m */; };
		A328A8E922C0818C000806BA /* MLeakedObjectProxy.m in Sources */ = {isa = PBXBuildFile; fileRef = A328A8D522C0818C000806BA /* MLeakedObjectProxy.m */; };
		A328A8EA22C0818C000806BA /* UIView+MemoryLeak.m in Sources */ = {isa = PBXBuildFile; fileRef = A328A8D722C0818C000806BA /* UIView+MemoryLeak.m */; };
		A328A8EB22C0818C000806BA /* UITouch+MemoryLeak.m in Sources */ = {isa = PBXBuildFile; fileRef = A328A8DA22C0818C000806BA /* UITouch+MemoryLeak.m */; };
		A328A8EC22C0818C000806BA /* UISplitViewController+MemoryLeak.m in Sources */ = {isa = PBXBuildFile; fileRef = A328A8DB22C0818C000806BA /* UISplitViewController+MemoryLeak.m */; };
		A328A8ED22C0818C000806BA /* UIPageViewController+MemoryLeak.m in Sources */ = {isa = PBXBuildFile; fileRef = A328A8DD22C0818C000806BA /* UIPageViewController+MemoryLeak.m */; };
		A328A8EE22C0818C000806BA /* UITabBarController+MemoryLeak.m in Sources */ = {isa = PBXBuildFile; fileRef = A328A8DF22C0818C000806BA /* UITabBarController+MemoryLeak.m */; };
		A328A8EF22C0818C000806BA /* MLeaksMessenger.m in Sources */ = {isa = PBXBuildFile; fileRef = A328A8E022C0818C000806BA /* MLeaksMessenger.m */; };
		A328A8F022C0818C000806BA /* UIViewController+MemoryLeak.m in Sources */ = {isa = PBXBuildFile; fileRef = A328A8E222C0818C000806BA /* UIViewController+MemoryLeak.m */; };
		A328A8F122C0818C000806BA /* UIApplication+MemoryLeak.m in Sources */ = {isa = PBXBuildFile; fileRef = A328A8E522C0818C000806BA /* UIApplication+MemoryLeak.m */; };
		A328A8F222C0818C000806BA /* NSObject+MemoryLeak.m in Sources */ = {isa = PBXBuildFile; fileRef = A328A8E622C0818C000806BA /* NSObject+MemoryLeak.m */; };
		A328A8F522C081D2000806BA /* DetailViewController.m in Sources */ = {isa = PBXBuildFile; fileRef = A328A8F422C081D2000806BA /* DetailViewController.m */; };
/* End PBXBuildFile section */

/* Begin PBXFileReference section */
		A328A8B722C08179000806BA /* SHPractice-Leaks.app */ = {isa = PBXFileReference; explicitFileType = wrapper.application; includeInIndex = 0; path = "SHPractice-Leaks.app"; sourceTree = BUILT_PRODUCTS_DIR; };
		A328A8BA22C08179000806BA /* AppDelegate.h */ = {isa = PBXFileReference; lastKnownFileType = sourcecode.c.h; path = AppDelegate.h; sourceTree = "<group>"; };
		A328A8BB22C08179000806BA /* AppDelegate.m */ = {isa = PBXFileReference; lastKnownFileType = sourcecode.c.objc; path = AppDelegate.m; sourceTree = "<group>"; };
		A328A8BD22C08179000806BA /* ViewController.h */ = {isa = PBXFileReference; lastKnownFileType = sourcecode.c.h; path = ViewController.h; sourceTree = "<group>"; };
		A328A8BE22C08179000806BA /* ViewController.m */ = {isa = PBXFileReference; lastKnownFileType = sourcecode.c.objc; path = ViewController.m; sourceTree = "<group>"; };
		A328A8C122C08179000806BA /* Base */ = {isa = PBXFileReference; lastKnownFileType = file.storyboard; name = Base; path = Base.lproj/Main.storyboard; sourceTree = "<group>"; };
		A328A8C322C08179000806BA /* Assets.xcassets */ = {isa = PBXFileReference; lastKnownFileType = folder.assetcatalog; path = Assets.xcassets; sourceTree = "<group>"; };
		A328A8C622C08179000806BA /* Base */ = {isa = PBXFileReference; lastKnownFileType = file.storyboard; name = Base; path = Base.lproj/LaunchScreen.storyboard; sourceTree = "<group>"; };
		A328A8C822C08179000806BA /* Info.plist */ = {isa = PBXFileReference; lastKnownFileType = text.plist.xml; path = Info.plist; sourceTree = "<group>"; };
		A328A8C922C08179000806BA /* main.m */ = {isa = PBXFileReference; lastKnownFileType = sourcecode.c.objc; path = main.m; sourceTree = "<group>"; };
		A328A8D122C0818C000806BA /* UINavigationController+MemoryLeak.m */ = {isa = PBXFileReference; fileEncoding = 4; lastKnownFileType = sourcecode.c.objc; path = "UINavigationController+MemoryLeak.m"; sourceTree = "<group>"; };
		A328A8D222C0818C000806BA /* MLeaksMessenger.h */ = {isa = PBXFileReference; fileEncoding = 4; lastKnownFileType = sourcecode.c.h; path = MLeaksMessenger.h; sourceTree = "<group>"; };
		A328A8D322C0818C000806BA /* UITabBarController+MemoryLeak.h */ = {isa = PBXFileReference; fileEncoding = 4; lastKnownFileType = sourcecode.c.h; path = "UITabBarController+MemoryLeak.h"; sourceTree = "<group>"; };
		A328A8D422C0818C000806BA /* UIPageViewController+MemoryLeak.h */ = {isa = PBXFileReference; fileEncoding = 4; lastKnownFileType = sourcecode.c.h; path = "UIPageViewController+MemoryLeak.h"; sourceTree = "<group>"; };
		A328A8D522C0818C000806BA /* MLeakedObjectProxy.m */ = {isa = PBXFileReference; fileEncoding = 4; lastKnownFileType = sourcecode.c.objc; path = MLeakedObjectProxy.m; sourceTree = "<group>"; };
		A328A8D622C0818C000806BA /* UIViewController+MemoryLeak.h */ = {isa = PBXFileReference; fileEncoding = 4; lastKnownFileType = sourcecode.c.h; path = "UIViewController+MemoryLeak.h"; sourceTree = "<group>"; };
		A328A8D722C0818C000806BA /* UIView+MemoryLeak.m */ = {isa = PBXFileReference; fileEncoding = 4; lastKnownFileType = sourcecode.c.objc; path = "UIView+MemoryLeak.m"; sourceTree = "<group>"; };
		A328A8D822C0818C000806BA /* NSObject+MemoryLeak.h */ = {isa = PBXFileReference; fileEncoding = 4; lastKnownFileType = sourcecode.c.h; path = "NSObject+MemoryLeak.h"; sourceTree = "<group>"; };
		A328A8D922C0818C000806BA /* UIApplication+MemoryLeak.h */ = {isa = PBXFileReference; fileEncoding = 4; lastKnownFileType = sourcecode.c.h; path = "UIApplication+MemoryLeak.h"; sourceTree = "<group>"; };
		A328A8DA22C0818C000806BA /* UITouch+MemoryLeak.m */ = {isa = PBXFileReference; fileEncoding = 4; lastKnownFileType = sourcecode.c.objc; path = "UITouch+MemoryLeak.m"; sourceTree = "<group>"; };
		A328A8DB22C0818C000806BA /* UISplitViewController+MemoryLeak.m */ = {isa = PBXFileReference; fileEncoding = 4; lastKnownFileType = sourcecode.c.objc; path = "UISplitViewController+MemoryLeak.m"; sourceTree = "<group>"; };
		A328A8DC22C0818C000806BA /* MLeaksFinder.h */ = {isa = PBXFileReference; fileEncoding = 4; lastKnownFileType = sourcecode.c.h; path = MLeaksFinder.h; sourceTree = "<group>"; };
		A328A8DD22C0818C000806BA /* UIPageViewController+MemoryLeak.m */ = {isa = PBXFileReference; fileEncoding = 4; lastKnownFileType = sourcecode.c.objc; path = "UIPageViewController+MemoryLeak.m"; sourceTree = "<group>"; };
		A328A8DE22C0818C000806BA /* MLeakedObjectProxy.h */ = {isa = PBXFileReference; fileEncoding = 4; lastKnownFileType = sourcecode.c.h; path = MLeakedObjectProxy.h; sourceTree = "<group>"; };
		A328A8DF22C0818C000806BA /* UITabBarController+MemoryLeak.m */ = {isa = PBXFileReference; fileEncoding = 4; lastKnownFileType = sourcecode.c.objc; path = "UITabBarController+MemoryLeak.m"; sourceTree = "<group>"; };
		A328A8E022C0818C000806BA /* MLeaksMessenger.m */ = {isa = PBXFileReference; fileEncoding = 4; lastKnownFileType = sourcecode.c.objc; path = MLeaksMessenger.m; sourceTree = "<group>"; };
		A328A8E122C0818C000806BA /* UINavigationController+MemoryLeak.h */ = {isa = PBXFileReference; fileEncoding = 4; lastKnownFileType = sourcecode.c.h; path = "UINavigationController+MemoryLeak.h"; sourceTree = "<group>"; };
		A328A8E222C0818C000806BA /* UIViewController+MemoryLeak.m */ = {isa = PBXFileReference; fileEncoding = 4; lastKnownFileType = sourcecode.c.objc; path = "UIViewController+MemoryLeak.m"; sourceTree = "<group>"; };
		A328A8E322C0818C000806BA /* UISplitViewController+MemoryLeak.h */ = {isa = PBXFileReference; fileEncoding = 4; lastKnownFileType = sourcecode.c.h; path = "UISplitViewController+MemoryLeak.h"; sourceTree = "<group>"; };
		A328A8E422C0818C000806BA /* UITouch+MemoryLeak.h */ = {isa = PBXFileReference; fileEncoding = 4; lastKnownFileType = sourcecode.c.h; path = "UITouch+MemoryLeak.h"; sourceTree = "<group>"; };
		A328A8E522C0818C000806BA /* UIApplication+MemoryLeak.m */ = {isa = PBXFileReference; fileEncoding = 4; lastKnownFileType = sourcecode.c.objc; path = "UIApplication+MemoryLeak.m"; sourceTree = "<group>"; };
		A328A8E622C0818C000806BA /* NSObject+MemoryLeak.m */ = {isa = PBXFileReference; fileEncoding = 4; lastKnownFileType = sourcecode.c.objc; path = "NSObject+MemoryLeak.m"; sourceTree = "<group>"; };
		A328A8E722C0818C000806BA /* UIView+MemoryLeak.h */ = {isa = PBXFileReference; fileEncoding = 4; lastKnownFileType = sourcecode.c.h; path = "UIView+MemoryLeak.h"; sourceTree = "<group>"; };
		A328A8F322C081D2000806BA /* DetailViewController.h */ = {isa = PBXFileReference; fileEncoding = 4; lastKnownFileType = sourcecode.c.h; path = DetailViewController.h; sourceTree = "<group>"; };
		A328A8F422C081D2000806BA /* DetailViewController.m */ = {isa = PBXFileReference; fileEncoding = 4; lastKnownFileType = sourcecode.c.objc; path = DetailViewController.m; sourceTree = "<group>"; };
/* End PBXFileReference section */

/* Begin PBXFrameworksBuildPhase section */
		A328A8B422C08179000806BA /* Frameworks */ = {
			isa = PBXFrameworksBuildPhase;
			buildActionMask = 2147483647;
			files = (
			);
			runOnlyForDeploymentPostprocessing = 0;
		};
/* End PBXFrameworksBuildPhase section */

/* Begin PBXGroup section */
		A328A8AE22C08179000806BA = {
			isa = PBXGroup;
			children = (
				A328A8D022C0818C000806BA /* MLeaksFinder */,
				A328A8B922C08179000806BA /* SHPractice-Leaks */,
				A328A8B822C08179000806BA /* Products */,
			);
			sourceTree = "<group>";
		};
		A328A8B822C08179000806BA /* Products */ = {
			isa = PBXGroup;
			children = (
				A328A8B722C08179000806BA /* SHPractice-Leaks.app */,
			);
			name = Products;
			sourceTree = "<group>";
		};
		A328A8B922C08179000806BA /* SHPractice-Leaks */ = {
			isa = PBXGroup;
			children = (
				A328A8BA22C08179000806BA /* AppDelegate.h */,
				A328A8BB22C08179000806BA /* AppDelegate.m */,
				A328A8BD22C08179000806BA /* ViewController.h */,
				A328A8BE22C08179000806BA /* ViewController.m */,
				A328A8F322C081D2000806BA /* DetailViewController.h */,
				A328A8F422C081D2000806BA /* DetailViewController.m */,
				A328A8C022C08179000806BA /* Main.storyboard */,
				A328A8C322C08179000806BA /* Assets.xcassets */,
				A328A8C522C08179000806BA /* LaunchScreen.storyboard */,
				A328A8C822C08179000806BA /* Info.plist */,
				A328A8C922C08179000806BA /* main.m */,
			);
			path = "SHPractice-Leaks";
			sourceTree = "<group>";
		};
		A328A8D022C0818C000806BA /* MLeaksFinder */ = {
			isa = PBXGroup;
			children = (
				A328A8D122C0818C000806BA /* UINavigationController+MemoryLeak.m */,
				A328A8D222C0818C000806BA /* MLeaksMessenger.h */,
				A328A8D322C0818C000806BA /* UITabBarController+MemoryLeak.h */,
				A328A8D422C0818C000806BA /* UIPageViewController+MemoryLeak.h */,
				A328A8D522C0818C000806BA /* MLeakedObjectProxy.m */,
				A328A8D622C0818C000806BA /* UIViewController+MemoryLeak.h */,
				A328A8D722C0818C000806BA /* UIView+MemoryLeak.m */,
				A328A8D822C0818C000806BA /* NSObject+MemoryLeak.h */,
				A328A8D922C0818C000806BA /* UIApplication+MemoryLeak.h */,
				A328A8DA22C0818C000806BA /* UITouch+MemoryLeak.m */,
				A328A8DB22C0818C000806BA /* UISplitViewController+MemoryLeak.m */,
				A328A8DC22C0818C000806BA /* MLeaksFinder.h */,
				A328A8DD22C0818C000806BA /* UIPageViewController+MemoryLeak.m */,
				A328A8DE22C0818C000806BA /* MLeakedObjectProxy.h */,
				A328A8DF22C0818C000806BA /* UITabBarController+MemoryLeak.m */,
				A328A8E022C0818C000806BA /* MLeaksMessenger.m */,
				A328A8E122C0818C000806BA /* UINavigationController+MemoryLeak.h */,
				A328A8E222C0818C000806BA /* UIViewController+MemoryLeak.m */,
				A328A8E322C0818C000806BA /* UISplitViewController+MemoryLeak.h */,
				A328A8E422C0818C000806BA /* UITouch+MemoryLeak.h */,
				A328A8E522C0818C000806BA /* UIApplication+MemoryLeak.m */,
				A328A8E622C0818C000806BA /* NSObject+MemoryLeak.m */,
				A328A8E722C0818C000806BA /* UIView+MemoryLeak.h */,
			);
			path = MLeaksFinder;
			sourceTree = "<group>";
		};
/* End PBXGroup section */

/* Begin PBXNativeTarget section */
		A328A8B622C08179000806BA /* SHPractice-Leaks */ = {
			isa = PBXNativeTarget;
			buildConfigurationList = A328A8CD22C08179000806BA /* Build configuration list for PBXNativeTarget "SHPractice-Leaks" */;
			buildPhases = (
				A328A8B322C08179000806BA /* Sources */,
				A328A8B422C08179000806BA /* Frameworks */,
				A328A8B522C08179000806BA /* Resources */,
			);
			buildRules = (
			);
			dependencies = (
			);
			name = "SHPractice-Leaks";
			productName = "SHPractice-Leaks";
			productReference = A328A8B722C08179000806BA /* SHPractice-Leaks.app */;
			productType = "com.apple.product-type.application";
		};
/* End PBXNativeTarget section */

/* Begin PBXProject section */
		A328A8AF22C08179000806BA /* Project object */ = {
			isa = PBXProject;
			attributes = {
				LastUpgradeCheck = 1020;
				ORGANIZATIONNAME = 123;
				TargetAttributes = {
					A328A8B622C08179000806BA = {
						CreatedOnToolsVersion = 10.2.1;
					};
				};
			};
			buildConfigurationList = A328A8B222C08179000806BA /* Build configuration list for PBXProject "SHPractice-Leaks" */;
			compatibilityVersion = "Xcode 9.3";
			developmentRegion = en;
			hasScannedForEncodings = 0;
			knownRegions = (
				en,
				Base,
			);
			mainGroup = A328A8AE22C08179000806BA;
			productRefGroup = A328A8B822C08179000806BA /* Products */;
			projectDirPath = "";
			projectRoot = "";
			targets = (
				A328A8B622C08179000806BA /* SHPractice-Leaks */,
			);
		};
/* End PBXProject section */

/* Begin PBXResourcesBuildPhase section */
		A328A8B522C08179000806BA /* Resources */ = {
			isa = PBXResourcesBuildPhase;
			buildActionMask = 2147483647;
			files = (
				A328A8C722C08179000806BA /* LaunchScreen.storyboard in Resources */,
				A328A8C422C08179000806BA /* Assets.xcassets in Resources */,
				A328A8C222C08179000806BA /* Main.storyboard in Resources */,
			);
			runOnlyForDeploymentPostprocessing = 0;
		};
/* End PBXResourcesBuildPhase section */

/* Begin PBXSourcesBuildPhase section */
		A328A8B322C08179000806BA /* Sources */ = {
			isa = PBXSourcesBuildPhase;
			buildActionMask = 2147483647;
			files = (
				A328A8EA22C0818C000806BA /* UIView+MemoryLeak.m in Sources */,
				A328A8BF22C08179000806BA /* ViewController.m in Sources */,
				A328A8F022C0818C000806BA /* UIViewController+MemoryLeak.m in Sources */,
				A328A8E922C0818C000806BA /* MLeakedObjectProxy.m in Sources */,
				A328A8EC22C0818C000806BA /* UISplitViewController+MemoryLeak.m in Sources */,
				A328A8F522C081D2000806BA /* DetailViewController.m in Sources */,
				A328A8E822C0818C000806BA /* UINavigationController+MemoryLeak.m in Sources */,
				A328A8CA22C08179000806BA /* main.m in Sources */,
				A328A8F122C0818C000806BA /* UIApplication+MemoryLeak.m in Sources */,
				A328A8EB22C0818C000806BA /* UITouch+MemoryLeak.m in Sources */,
				A328A8ED22C0818C000806BA /* UIPageViewController+MemoryLeak.m in Sources */,
				A328A8EF22C0818C000806BA /* MLeaksMessenger.m in Sources */,
				A328A8BC22C08179000806BA /* AppDelegate.m in Sources */,
				A328A8EE22C0818C000806BA /* UITabBarController+MemoryLeak.m in Sources */,
				A328A8F222C0818C000806BA /* NSObject+MemoryLeak.m in Sources */,
			);
			runOnlyForDeploymentPostprocessing = 0;
		};
/* End PBXSourcesBuildPhase section */

/* Begin PBXVariantGroup section */
		A328A8C022C08179000806BA /* Main.storyboard */ = {
			isa = PBXVariantGroup;
			children = (
				A328A8C122C08179000806BA /* Base */,
			);
			name = Main.storyboard;
			sourceTree = "<group>";
		};
		A328A8C522C08179000806BA /* LaunchScreen.storyboard */ = {
			isa = PBXVariantGroup;
			children = (
				A328A8C622C08179000806BA /* Base */,
			);
			name = LaunchScreen.storyboard;
			sourceTree = "<group>";
		};
/* End PBXVariantGroup section */

/* Begin XCBuildConfiguration section */
		A328A8CB22C08179000806BA /* Debug */ = {
			isa = XCBuildConfiguration;
			buildSettings = {
				ALWAYS_SEARCH_USER_PATHS = NO;
				CLANG_ANALYZER_NONNULL = YES;
				CLANG_ANALYZER_NUMBER_OBJECT_CONVERSION = YES_AGGRESSIVE;
				CLANG_CXX_LANGUAGE_STANDARD = "gnu++14";
				CLANG_CXX_LIBRARY = "libc++";
				CLANG_ENABLE_MODULES = YES;
				CLANG_ENABLE_OBJC_ARC = YES;
				CLANG_ENABLE_OBJC_WEAK = YES;
				CLANG_WARN_BLOCK_CAPTURE_AUTORELEASING = YES;
				CLANG_WARN_BOOL_CONVERSION = YES;
				CLANG_WARN_COMMA = YES;
				CLANG_WARN_CONSTANT_CONVERSION = YES;
				CLANG_WARN_DEPRECATED_OBJC_IMPLEMENTATIONS = YES;
				CLANG_WARN_DIRECT_OBJC_ISA_USAGE = YES_ERROR;
				CLANG_WARN_DOCUMENTATION_COMMENTS = YES;
				CLANG_WARN_EMPTY_BODY = YES;
				CLANG_WARN_ENUM_CONVERSION = YES;
				CLANG_WARN_INFINITE_RECURSION = YES;
				CLANG_WARN_INT_CONVERSION = YES;
				CLANG_WARN_NON_LITERAL_NULL_CONVERSION = YES;
				CLANG_WARN_OBJC_IMPLICIT_RETAIN_SELF = YES;
				CLANG_WARN_OBJC_LITERAL_CONVERSION = YES;
				CLANG_WARN_OBJC_ROOT_CLASS = YES_ERROR;
				CLANG_WARN_RANGE_LOOP_ANALYSIS = YES;
				CLANG_WARN_STRICT_PROTOTYPES = YES;
				CLANG_WARN_SUSPICIOUS_MOVE = YES;
				CLANG_WARN_UNGUARDED_AVAILABILITY = YES_AGGRESSIVE;
				CLANG_WARN_UNREACHABLE_CODE = YES;
				CLANG_WARN__DUPLICATE_METHOD_MATCH = YES;
				CODE_SIGN_IDENTITY = "iPhone Developer";
				COPY_PHASE_STRIP = NO;
				DEBUG_INFORMATION_FORMAT = dwarf;
				ENABLE_STRICT_OBJC_MSGSEND = YES;
				ENABLE_TESTABILITY = YES;
				GCC_C_LANGUAGE_STANDARD = gnu11;
				GCC_DYNAMIC_NO_PIC = NO;
				GCC_NO_COMMON_BLOCKS = YES;
				GCC_OPTIMIZATION_LEVEL = 0;
				GCC_PREPROCESSOR_DEFINITIONS = (
					"DEBUG=1",
					"$(inherited)",
				);
				GCC_WARN_64_TO_32_BIT_CONVERSION = YES;
				GCC_WARN_ABOUT_RETURN_TYPE = YES_ERROR;
				GCC_WARN_UNDECLARED_SELECTOR = YES;
				GCC_WARN_UNINITIALIZED_AUTOS = YES_AGGRESSIVE;
				GCC_WARN_UNUSED_FUNCTION = YES;
				GCC_WARN_UNUSED_VARIABLE = YES;
				IPHONEOS_DEPLOYMENT_TARGET = 12.2;
				MTL_ENABLE_DEBUG_INFO = INCLUDE_SOURCE;
				MTL_FAST_MATH = YES;
				ONLY_ACTIVE_ARCH = YES;
				SDKROOT = iphoneos;
			};
			name = Debug;
		};
		A328A8CC22C08179000806BA /* Release */ = {
			isa = XCBuildConfiguration;
			buildSettings = {
				ALWAYS_SEARCH_USER_PATHS = NO;
				CLANG_ANALYZER_NONNULL = YES;
				CLANG_ANALYZER_NUMBER_OBJECT_CONVERSION = YES_AGGRESSIVE;
				CLANG_CXX_LANGUAGE_STANDARD = "gnu++14";
				CLANG_CXX_LIBRARY = "libc++";
				CLANG_ENABLE_MODULES = YES;
				CLANG_ENABLE_OBJC_ARC = YES;
				CLANG_ENABLE_OBJC_WEAK = YES;
				CLANG_WARN_BLOCK_CAPTURE_AUTORELEASING = YES;
				CLANG_WARN_BOOL_CONVERSION = YES;
				CLANG_WARN_COMMA = YES;
				CLANG_WARN_CONSTANT_CONVERSION = YES;
				CLANG_WARN_DEPRECATED_OBJC_IMPLEMENTATIONS = YES;
				CLANG_WARN_DIRECT_OBJC_ISA_USAGE = YES_ERROR;
				CLANG_WARN_DOCUMENTATION_COMMENTS = YES;
				CLANG_WARN_EMPTY_BODY = YES;
				CLANG_WARN_ENUM_CONVERSION = YES;
				CLANG_WARN_INFINITE_RECURSION = YES;
				CLANG_WARN_INT_CONVERSION = YES;
				CLANG_WARN_NON_LITERAL_NULL_CONVERSION = YES;
				CLANG_WARN_OBJC_IMPLICIT_RETAIN_SELF = YES;
				CLANG_WARN_OBJC_LITERAL_CONVERSION = YES;
				CLANG_WARN_OBJC_ROOT_CLASS = YES_ERROR;
				CLANG_WARN_RANGE_LOOP_ANALYSIS = YES;
				CLANG_WARN_STRICT_PROTOTYPES = YES;
				CLANG_WARN_SUSPICIOUS_MOVE = YES;
				CLANG_WARN_UNGUARDED_AVAILABILITY = YES_AGGRESSIVE;
				CLANG_WARN_UNREACHABLE_CODE = YES;
				CLANG_WARN__DUPLICATE_METHOD_MATCH = YES;
				CODE_SIGN_IDENTITY = "iPhone Developer";
				COPY_PHASE_STRIP = NO;
				DEBUG_INFORMATION_FORMAT = "dwarf-with-dsym";
				ENABLE_NS_ASSERTIONS = NO;
				ENABLE_STRICT_OBJC_MSGSEND = YES;
				GCC_C_LANGUAGE_STANDARD = gnu11;
				GCC_NO_COMMON_BLOCKS = YES;
				GCC_WARN_64_TO_32_BIT_CONVERSION = YES;
				GCC_WARN_ABOUT_RETURN_TYPE = YES_ERROR;
				GCC_WARN_UNDECLARED_SELECTOR = YES;
				GCC_WARN_UNINITIALIZED_AUTOS = YES_AGGRESSIVE;
				GCC_WARN_UNUSED_FUNCTION = YES;
				GCC_WARN_UNUSED_VARIABLE = YES;
				IPHONEOS_DEPLOYMENT_TARGET = 12.2;
				MTL_ENABLE_DEBUG_INFO = NO;
				MTL_FAST_MATH = YES;
				SDKROOT = iphoneos;
				VALIDATE_PRODUCT = YES;
			};
			name = Release;
		};
		A328A8CE22C08179000806BA /* Debug */ = {
			isa = XCBuildConfiguration;
			buildSettings = {
				ASSETCATALOG_COMPILER_APPICON_NAME = AppIcon;
				CODE_SIGN_STYLE = Automatic;
				DEVELOPMENT_TEAM = YSE3H6NFMJ;
				INFOPLIST_FILE = "SHPractice-Leaks/Info.plist";
				IPHONEOS_DEPLOYMENT_TARGET = 10.1;
				LD_RUNPATH_SEARCH_PATHS = (
					"$(inherited)",
					"@executable_path/Frameworks",
				);
				PRODUCT_BUNDLE_IDENTIFIER = "shine.SHPractice-Leaks";
				PRODUCT_NAME = "$(TARGET_NAME)";
				TARGETED_DEVICE_FAMILY = "1,2";
			};
			name = Debug;
		};
		A328A8CF22C08179000806BA /* Release */ = {
			isa = XCBuildConfiguration;
			buildSettings = {
				ASSETCATALOG_COMPILER_APPICON_NAME = AppIcon;
				CODE_SIGN_STYLE = Automatic;
				DEVELOPMENT_TEAM = YSE3H6NFMJ;
				INFOPLIST_FILE = "SHPractice-Leaks/Info.plist";
				IPHONEOS_DEPLOYMENT_TARGET = 10.1;
				LD_RUNPATH_SEARCH_PATHS = (
					"$(inherited)",
					"@executable_path/Frameworks",
				);
				PRODUCT_BUNDLE_IDENTIFIER = "shine.SHPractice-Leaks";
				PRODUCT_NAME = "$(TARGET_NAME)";
				TARGETED_DEVICE_FAMILY = "1,2";
			};
			name = Release;
		};
/* End XCBuildConfiguration section */

/* Begin XCConfigurationList section */
		A328A8B222C08179000806BA /* Build configuration list for PBXProject "SHPractice-Leaks" */ = {
			isa = XCConfigurationList;
			buildConfigurations = (
				A328A8CB22C08179000806BA /* Debug */,
				A328A8CC22C08179000806BA /* Release */,
			);
			defaultConfigurationIsVisible = 0;
			defaultConfigurationName = Release;
		};
		A328A8CD22C08179000806BA /* Build configuration list for PBXNativeTarget "SHPractice-Leaks" */ = {
			isa = XCConfigurationList;
			buildConfigurations = (
				A328A8CE22C08179000806BA /* Debug */,
				A328A8CF22C08179000806BA /* Release */,
			);
			defaultConfigurationIsVisible = 0;
			defaultConfigurationName = Release;
		};
/* End XCConfigurationList section */
	};
	rootObject = A328A8AF22C08179000806BA /* Project object */;
}
